
Microsoft Visual Studio Solution File, Format Version 12.00
# Visual Studio Version 16
VisualStudioVersion = 16.0.29728.190
MinimumVisualStudioVersion = 10.0.40219.1
Project("{9A19103F-16F7-4668-BE54-9A1E7A4F7556}") = "Kros.Services", "Kros.Services\Kros.Services.csproj", "{192D669E-B7BC-412A-BFB8-569C07E9719E}"
EndProject
Project("{9A19103F-16F7-4668-BE54-9A1E7A4F7556}") = "Kros.Testing", "Kros.Testing\Kros.Testing.csproj", "{91728C4D-C6D6-4FBA-9364-B7FF9420AF1F}"
EndProject
Project("{9A19103F-16F7-4668-BE54-9A1E7A4F7556}") = "Kros.Presentations", "Kros.Presentations\Kros.Presentations.csproj", "{0DE85249-BEBF-427F-8573-CECCD4D4B377}"
EndProject
Project("{FAE04EC0-301F-11D3-BF4B-00C04F79EFBC}") = "Kros.App.Wpf", "Kros.App.Wpf\Kros.App.Wpf.csproj", "{E9EEEBF4-5F8D-480C-BD0A-9E5801189424}"
EndProject
Project("{9A19103F-16F7-4668-BE54-9A1E7A4F7556}") = "Kros.App.Avalonia", "Kros.App.Avalonia\Kros.App.Avalonia.csproj", "{38B8A704-D1A8-4195-BBFF-B0C89789E84B}"
EndProject
Global
	GlobalSection(SolutionConfigurationPlatforms) = preSolution
		Debug|Any CPU = Debug|Any CPU
		Release|Any CPU = Release|Any CPU
	EndGlobalSection
	GlobalSection(ProjectConfigurationPlatforms) = postSolution
		{192D669E-B7BC-412A-BFB8-569C07E9719E}.Debug|Any CPU.ActiveCfg = Debug|Any CPU
		{192D669E-B7BC-412A-BFB8-569C07E9719E}.Debug|Any CPU.Build.0 = Debug|Any CPU
		{192D669E-B7BC-412A-BFB8-569C07E9719E}.Release|Any CPU.ActiveCfg = Release|Any CPU
		{192D669E-B7BC-412A-BFB8-569C07E9719E}.Release|Any CPU.Build.0 = Release|Any CPU
		{91728C4D-C6D6-4FBA-9364-B7FF9420AF1F}.Debug|Any CPU.ActiveCfg = Debug|Any CPU
		{91728C4D-C6D6-4FBA-9364-B7FF9420AF1F}.Debug|Any CPU.Build.0 = Debug|Any CPU
		{91728C4D-C6D6-4FBA-9364-B7FF9420AF1F}.Release|Any CPU.ActiveCfg = Release|Any CPU
		{91728C4D-C6D6-4FBA-9364-B7FF9420AF1F}.Release|Any CPU.Build.0 = Release|Any CPU
		{0DE85249-BEBF-427F-8573-CECCD4D4B377}.Debug|Any CPU.ActiveCfg = Debug|Any CPU
		{0DE85249-BEBF-427F-8573-CECCD4D4B377}.Debug|Any CPU.Build.0 = Debug|Any CPU
		{0DE85249-BEBF-427F-8573-CECCD4D4B377}.Release|Any CPU.ActiveCfg = Release|Any CPU
		{0DE85249-BEBF-427F-8573-CECCD4D4B377}.Release|Any CPU.Build.0 = Release|Any CPU
		{E9EEEBF4-5F8D-480C-BD0A-9E5801189424}.Debug|Any CPU.ActiveCfg = Debug|Any CPU
		{E9EEEBF4-5F8D-480C-BD0A-9E5801189424}.Debug|Any CPU.Build.0 = Debug|Any CPU
		{E9EEEBF4-5F8D-480C-BD0A-9E5801189424}.Release|Any CPU.ActiveCfg = Release|Any CPU
		{E9EEEBF4-5F8D-480C-BD0A-9E5801189424}.Release|Any CPU.Build.0 = Release|Any CPU
		{38B8A704-D1A8-4195-BBFF-B0C89789E84B}.Debug|Any CPU.ActiveCfg = Debug|Any CPU
		{38B8A704-D1A8-4195-BBFF-B0C89789E84B}.Debug|Any CPU.Build.0 = Debug|Any CPU
		{38B8A704-D1A8-4195-BBFF-B0C89789E84B}.Release|Any CPU.ActiveCfg = Release|Any CPU
		{38B8A704-D1A8-4195-BBFF-B0C89789E84B}.Release|Any CPU.Build.0 = Release|Any CPU
	EndGlobalSection
	GlobalSection(SolutionProperties) = preSolution
		HideSolutionNode = FALSE
	EndGlobalSection
	GlobalSection(ExtensibilityGlobals) = postSolution
		SolutionGuid = {FCBEEEBF-0DB7-4F0F-B18D-644AB2DB8006}
	EndGlobalSection
EndGlobal
